
Microsoft Visual Studio Solution File, Format Version 12.00
# Visual Studio 2017
Project("{FAE04EC0-301F-11D3-BF4B-00C04F79EFBC}") = "Time Line", "Time Line.csproj", "{AB9887D4-6F96-6588-DEF0-9F4A3AC7A7B9}"
EndProject
Project("{FAE04EC0-301F-11D3-BF4B-00C04F79EFBC}") = "Time Line.Editor", "Time Line.Editor.csproj", "{62B354A6-0BD1-A39E-493E-9F6736219F09}"
EndProject
Global
	GlobalSection(SolutionConfigurationPlatforms) = preSolution
		Debug|Any CPU = Debug|Any CPU
		Release|Any CPU = Release|Any CPU
	EndGlobalSection
	GlobalSection(ProjectConfigurationPlatforms) = postSolution
		{AB9887D4-6F96-6588-DEF0-9F4A3AC7A7B9}.Debug|Any CPU.ActiveCfg = Debug|Any CPU
		{AB9887D4-6F96-6588-DEF0-9F4A3AC7A7B9}.Debug|Any CPU.Build.0 = Debug|Any CPU
		{AB9887D4-6F96-6588-DEF0-9F4A3AC7A7B9}.Release|Any CPU.ActiveCfg = Release|Any CPU
		{AB9887D4-6F96-6588-DEF0-9F4A3AC7A7B9}.Release|Any CPU.Build.0 = Release|Any CPU
		{62B354A6-0BD1-A39E-493E-9F6736219F09}.Debug|Any CPU.ActiveCfg = Debug|Any CPU
		{62B354A6-0BD1-A39E-493E-9F6736219F09}.Debug|Any CPU.Build.0 = Debug|Any CPU
		{62B354A6-0BD1-A39E-493E-9F6736219F09}.Release|Any CPU.ActiveCfg = Release|Any CPU
		{62B354A6-0BD1-A39E-493E-9F6736219F09}.Release|Any CPU.Build.0 = Release|Any CPU
	EndGlobalSection
	GlobalSection(SolutionProperties) = preSolution
		HideSolutionNode = FALSE
	EndGlobalSection
EndGlobal
